
Microsoft Visual Studio Solution File, Format Version 12.00
# Visual Studio Version 17
VisualStudioVersion = 17.11.35222.181
MinimumVisualStudioVersion = 10.0.40219.1
Project("{FAE04EC0-301F-11D3-BF4B-00C04F79EFBC}") = "OAManage", "OAManage\OAManage.csproj", "{CD7684AA-C568-4C9A-86C0-123E2421C44E}"
EndProject
Global
	GlobalSection(SolutionConfigurationPlatforms) = preSolution
		Debug|Any CPU = Debug|Any CPU
		Release|Any CPU = Release|Any CPU
	EndGlobalSection
	GlobalSection(ProjectConfigurationPlatforms) = postSolution
		{CD7684AA-C568-4C9A-86C0-123E2421C44E}.Debug|Any CPU.ActiveCfg = Debug|Any CPU
		{CD7684AA-C568-4C9A-86C0-123E2421C44E}.Debug|Any CPU.Build.0 = Debug|Any CPU
		{CD7684AA-C568-4C9A-86C0-123E2421C44E}.Release|Any CPU.ActiveCfg = Release|Any CPU
		{CD7684AA-C568-4C9A-86C0-123E2421C44E}.Release|Any CPU.Build.0 = Release|Any CPU
	EndGlobalSection
	GlobalSection(SolutionProperties) = preSolution
		HideSolutionNode = FALSE
	EndGlobalSection
	GlobalSection(ExtensibilityGlobals) = postSolution
		SolutionGuid = {F98155F8-6EE4-4115-B2D8-D73DA9B734A4}
	EndGlobalSection
EndGlobal
